
Microsoft Visual Studio Solution File, Format Version 12.00
# Visual Studio 14
VisualStudioVersion = 14.0.23107.0
MinimumVisualStudioVersion = 10.0.40219.1
Project("{FAE04EC0-301F-11D3-BF4B-00C04F79EFBC}") = "VSIXopenFrameworks", "VSIXopenFrameworks.csproj", "{155BB350-79A1-4E32-8D8A-3AEA799777E8}"
EndProject
Project("{FAE04EC0-301F-11D3-BF4B-00C04F79EFBC}") = "Wizard", "Wizard\Wizard.csproj", "{8EC1BFED-D895-4856-9CC9-F8B8514779AC}"
EndProject
Project("{FAE04EC0-301F-11D3-BF4B-00C04F79EFBC}") = "openFrameworksTemplate", "openFrameworksTemplate\openFrameworksTemplate.csproj", "{3EDA366F-822E-44F5-AAC3-B1FD900B60E4}"
EndProject
Global
	GlobalSection(SolutionConfigurationPlatforms) = preSolution
		Debug|Any CPU = Debug|Any CPU
		Debug|x86 = Debug|x86
		Release|Any CPU = Release|Any CPU
		Release|x86 = Release|x86
	EndGlobalSection
	GlobalSection(ProjectConfigurationPlatforms) = postSolution
		{155BB350-79A1-4E32-8D8A-3AEA799777E8}.Debug|Any CPU.ActiveCfg = Debug|Any CPU
		{155BB350-79A1-4E32-8D8A-3AEA799777E8}.Debug|Any CPU.Build.0 = Debug|Any CPU
		{155BB350-79A1-4E32-8D8A-3AEA799777E8}.Debug|x86.ActiveCfg = Debug|Any CPU
		{155BB350-79A1-4E32-8D8A-3AEA799777E8}.Debug|x86.Build.0 = Debug|Any CPU
		{155BB350-79A1-4E32-8D8A-3AEA799777E8}.Release|Any CPU.ActiveCfg = Release|Any CPU
		{155BB350-79A1-4E32-8D8A-3AEA799777E8}.Release|Any CPU.Build.0 = Release|Any CPU
		{155BB350-79A1-4E32-8D8A-3AEA799777E8}.Release|x86.ActiveCfg = Release|Any CPU
		{155BB350-79A1-4E32-8D8A-3AEA799777E8}.Release|x86.Build.0 = Release|Any CPU
		{8EC1BFED-D895-4856-9CC9-F8B8514779AC}.Debug|Any CPU.ActiveCfg = Debug|Any CPU
		{8EC1BFED-D895-4856-9CC9-F8B8514779AC}.Debug|Any CPU.Build.0 = Debug|Any CPU
		{8EC1BFED-D895-4856-9CC9-F8B8514779AC}.Debug|x86.ActiveCfg = Debug|Any CPU
		{8EC1BFED-D895-4856-9CC9-F8B8514779AC}.Debug|x86.Build.0 = Debug|Any CPU
		{8EC1BFED-D895-4856-9CC9-F8B8514779AC}.Release|Any CPU.ActiveCfg = Release|Any CPU
		{8EC1BFED-D895-4856-9CC9-F8B8514779AC}.Release|Any CPU.Build.0 = Release|Any CPU
		{8EC1BFED-D895-4856-9CC9-F8B8514779AC}.Release|x86.ActiveCfg = Release|Any CPU
		{8EC1BFED-D895-4856-9CC9-F8B8514779AC}.Release|x86.Build.0 = Release|Any CPU
		{3EDA366F-822E-44F5-AAC3-B1FD900B60E4}.Debug|Any CPU.ActiveCfg = Debug|Any CPU
		{3EDA366F-822E-44F5-AAC3-B1FD900B60E4}.Debug|Any CPU.Build.0 = Debug|Any CPU
		{3EDA366F-822E-44F5-AAC3-B1FD900B60E4}.Debug|x86.ActiveCfg = Debug|Any CPU
		{3EDA366F-822E-44F5-AAC3-B1FD900B60E4}.Debug|x86.Build.0 = Debug|Any CPU
		{3EDA366F-822E-44F5-AAC3-B1FD900B60E4}.Release|Any CPU.ActiveCfg = Release|Any CPU
		{3EDA366F-822E-44F5-AAC3-B1FD900B60E4}.Release|Any CPU.Build.0 = Release|Any CPU
		{3EDA366F-822E-44F5-AAC3-B1FD900B60E4}.Release|x86.ActiveCfg = Release|Any CPU
		{3EDA366F-822E-44F5-AAC3-B1FD900B60E4}.Release|x86.Build.0 = Release|Any CPU
	EndGlobalSection
	GlobalSection(SolutionProperties) = preSolution
		HideSolutionNode = FALSE
	EndGlobalSection
EndGlobal
